name: Get DomainUser with PowerShell Script Block
id: 61994268-04f4-11ec-865c-acde48001122
version: 12
date: '2026-04-15'
author: Teoderick Contreras, Mauricio Velazco, Splunk
status: production
type: TTP
description: The following analytic detects the execution of the `Get-DomainUser` cmdlet using PowerShell Script Block Logging (EventCode=4104). This cmdlet is part of PowerView, a tool often used for domain enumeration. The detection leverages PowerShell operational logs to identify instances where this command is executed. Monitoring this activity is crucial as it may indicate an adversary's attempt to gather information about domain users, which is a common step in Active Directory Discovery. If confirmed malicious, this activity could lead to further reconnaissance and potential exploitation of domain resources.
data_source:
    - Powershell Script Block Logging 4104
search: |-
    `powershell` EventCode=4104 ScriptBlockText = "*Get-DomainUser*"
      | fillnull
      | stats count min(_time) as firstTime max(_time) as lastTime
        BY dest signature signature_id
           user_id vendor_product EventID
           Guid Opcode Name
           Path ProcessID ScriptBlockId
           ScriptBlockText
      | `security_content_ctime(firstTime)`
      | `security_content_ctime(lastTime)`
      | `get_domainuser_with_powershell_script_block_filter`
how_to_implement: The following Hunting analytic requires PowerShell operational logs to be imported. Modify the powershell macro as needed to match the sourcetype or add index. This analytic is specific to 4104, or PowerShell Script Block Logging.
known_false_positives: Administrators or power users may use this command for troubleshooting.
references:
    - https://powersploit.readthedocs.io/en/latest/Recon/Get-DomainUser/
drilldown_searches:
    - name: View the detection results for - "$dest$" and "$user$"
      search: '%original_detection_search% | search  dest = "$dest$" user = "$user$"'
      earliest_offset: $info_min_time$
      latest_offset: $info_max_time$
    - name: View risk events for the last 7 days for - "$dest$" and "$user$"
      search: '| from datamodel Risk.All_Risk | search normalized_risk_object IN ("$dest$", "$user$") | stats count min(_time) as firstTime max(_time) as lastTime values(search_name) as "Search Name" values(risk_message) as "Risk Message" values(analyticstories) as "Analytic Stories" values(annotations._all) as "Annotations" values(annotations.mitre_attack.mitre_tactic) as "ATT&CK Tactics" by normalized_risk_object | `security_content_ctime(firstTime)` | `security_content_ctime(lastTime)`'
      earliest_offset: 7d
      latest_offset: "0"
rba:
    message: Powershell process having commandline "*Get-DomainUser*" for user enumeration on $dest$
    risk_objects:
        - field: dest
          type: system
          score: 50
        - field: user_id
          type: user
          score: 50
    threat_objects: []
tags:
    analytic_story:
        - Active Directory Discovery
        - CISA AA23-347A
    asset_type: Endpoint
    mitre_attack_id:
        - T1087.002
    product:
        - Splunk Enterprise
        - Splunk Enterprise Security
        - Splunk Cloud
    security_domain: endpoint
tests:
    - name: True Positive Test
      attack_data:
        - data: https://media.githubusercontent.com/media/splunk/attack_data/master/datasets/attack_techniques/T1087.002/AD_discovery/windows-powershell-xml.log
          source: XmlWinEventLog:Microsoft-Windows-PowerShell/Operational
          sourcetype: XmlWinEventLog
