name: GetDomainGroup with PowerShell Script Block
id: 09725404-a44f-4ed3-9efa-8ed5d69e4c53
version: 1
date: '2021-08-26'
author: Mauricio Velazco, Splunk
type: TTP
datamodel: []
description: The following analytic utilizes PowerShell Script Block Logging (EventCode=4104)
  to identify the execution of the `Get-DomainGroup` commandlet. `Get-DomainGroup`
  is part of PowerView, a PowerShell tool used to perform enumeration on Windows domains.
  As the name suggests, `Get-DomainGroup` is used to query domain groups. Red Teams
  and adversaries may leverage this function to enumerate domain groups for situational
  awareness and Active Directory Discovery.
search: '`powershell` EventCode=4104 (Message = "*Get-DomainGroup*") | stats count
  min(_time) as firstTime max(_time) as lastTime by EventCode Message ComputerName
  User | `security_content_ctime(firstTime)` | `getdomaingroup_with_powershell_script_block_filter`'
how_to_implement: To successfully implement this analytic, you will need to enable
  PowerShell Script Block Logging on some or all endpoints. Additional setup here
  https://docs.splunk.com/Documentation/UBA/5.0.4.1/GetDataIn/AddPowerShell#Configure_module_logging_for_PowerShell.
known_false_positives: Administrators or power users may use this PowerView functions
  for troubleshooting.
references:
- https://attack.mitre.org/techniques/T1069/002/
- https://powersploit.readthedocs.io/en/latest/Recon/Get-DomainGroup/
tags:
  analytic_story:
  - Active Directory Discovery
  confidence: 50
  context:
  - Source:Endpoint
  - Stage:Discovery
  dataset:
  - https://media.githubusercontent.com/media/splunk/attack_data/master/datasets/attack_techniques/T1069.002/AD_discovery/windows-powershell.log
  impact: 30
  kill_chain_phases:
  - Reconnaissance
  message: Domain group discovery enumeration using PowerView on $dest$ by $user$
  mitre_attack_id:
  - T1069
  - T1069.002
  observable:
  - name: dest
    type: Endpoint
    role:
    - Victim
  product:
  - Splunk Enterprise
  - Splunk Enterprise Security
  - Splunk Cloud
  required_fields:
  - _time
  - EventCode
  - Message
  - ComputerName
  - User
  risk_score: 15
  security_domain: endpoint
  asset_type: Endpoint
