name: GetWmiObject DS User with PowerShell Script Block
id: fabd364e-04f3-11ec-b34b-acde48001122
version: 2
date: '2022-05-02'
author: Teoderick Contreras, Mauricio Velazco, Splunk
status: production
type: TTP
description: The following analytic utilizes PowerShell Script Block Logging (EventCode=4104)
  to identify the execution of the `Get-WmiObject` commandlet. The `DS_User` class
  parameter leverages WMI to query for all domain users. Red Teams and adversaries
  may leverage this commandlet to enumerate domain users for situational awareness
  and Active Directory Discovery.
data_source:
- Powershell 4104
search: '`powershell` EventCode=4104 ScriptBlockText = "*get-wmiobject*" ScriptBlockText
  = "*ds_user*" ScriptBlockText = "*-namespace*" ScriptBlockText = "*root\\directory\\ldap*"
  | stats count min(_time) as firstTime max(_time) as lastTime by Opcode Computer
  UserID EventCode ScriptBlockText | `security_content_ctime(firstTime)` | `security_content_ctime(lastTime)`
  | `getwmiobject_ds_user_with_powershell_script_block_filter`'
how_to_implement: he following Hunting analytic requires PowerShell operational logs
  to be imported. Modify the powershell macro as needed to match the sourcetype or
  add index. This analytic is specific to 4104, or PowerShell Script Block Logging.
known_false_positives: Administrators or power users may use this command for troubleshooting.
references:
- https://www.blackhillsinfosec.com/red-blue-purple/
- https://docs.microsoft.com/en-us/windows/win32/wmisdk/describing-the-ldap-namespace
tags:
  analytic_story:
  - Active Directory Discovery
  asset_type: Endpoint
  confidence: 50
  impact: 50
  message: powershell process having commandline $ScriptBlockText$ for user enumeration
  mitre_attack_id:
  - T1087.002
  - T1087
  observable:
  - name: Computer
    type: Hostname
    role:
    - Victim
  - name: User
    type: User
    role:
    - Victim
  product:
  - Splunk Enterprise
  - Splunk Enterprise Security
  - Splunk Cloud
  required_fields:
  - _time
  - ScriptBlockText
  - Opcode
  - Computer
  - UserID
  - EventCode
  risk_score: 25
  security_domain: endpoint
tests:
- name: True Positive Test
  attack_data:
  - data: https://media.githubusercontent.com/media/splunk/attack_data/master/datasets/attack_techniques/T1059.001/powershell_script_block_logging/sbl_xml.log
    source: XmlWinEventLog:Microsoft-Windows-PowerShell/Operational
    sourcetype: xmlwineventlog
